
Microsoft Visual Studio Solution File, Format Version 12.00
# Visual Studio Version 17
VisualStudioVersion = 17.3.32825.248
MinimumVisualStudioVersion = 10.0.40219.1
Project("{9A19103F-16F7-4668-BE54-9A1E7A4F7556}") = "TecAlliance.Carpool.Api", "TecAlliance.Carpool.Api\TecAlliance.Carpool.Api.csproj", "{013BDE0C-971B-4A8A-9876-738CB87F7065}"
EndProject
Project("{9A19103F-16F7-4668-BE54-9A1E7A4F7556}") = "TecAlliance.Carpool.Business", "TecAlliance.Carpool.Business\TecAlliance.Carpool.Business.csproj", "{12864ADE-BC4D-4747-8504-AC842F21ECAB}"
EndProject
Project("{9A19103F-16F7-4668-BE54-9A1E7A4F7556}") = "TecAlliance.Carpool.Data", "TecAlliance.Carpool.Data\TecAlliance.Carpool.Data.csproj", "{D8B2CF88-F7AC-41BC-8F9A-D42BB049077C}"
EndProject
Project("{2150E333-8FDC-42A3-9474-1A3956D46DE8}") = "RequestBody", "RequestBody", "{0586FEDA-8090-49EB-882B-94633FB00286}"
	ProjectSection(SolutionItems) = preProject
		CarpoolDto.json = CarpoolDto.json
	EndProjectSection
EndProject
Global
	GlobalSection(SolutionConfigurationPlatforms) = preSolution
		Debug|Any CPU = Debug|Any CPU
		Release|Any CPU = Release|Any CPU
	EndGlobalSection
	GlobalSection(ProjectConfigurationPlatforms) = postSolution
		{013BDE0C-971B-4A8A-9876-738CB87F7065}.Debug|Any CPU.ActiveCfg = Debug|Any CPU
		{013BDE0C-971B-4A8A-9876-738CB87F7065}.Debug|Any CPU.Build.0 = Debug|Any CPU
		{013BDE0C-971B-4A8A-9876-738CB87F7065}.Release|Any CPU.ActiveCfg = Release|Any CPU
		{013BDE0C-971B-4A8A-9876-738CB87F7065}.Release|Any CPU.Build.0 = Release|Any CPU
		{12864ADE-BC4D-4747-8504-AC842F21ECAB}.Debug|Any CPU.ActiveCfg = Debug|Any CPU
		{12864ADE-BC4D-4747-8504-AC842F21ECAB}.Debug|Any CPU.Build.0 = Debug|Any CPU
		{12864ADE-BC4D-4747-8504-AC842F21ECAB}.Release|Any CPU.ActiveCfg = Release|Any CPU
		{12864ADE-BC4D-4747-8504-AC842F21ECAB}.Release|Any CPU.Build.0 = Release|Any CPU
		{D8B2CF88-F7AC-41BC-8F9A-D42BB049077C}.Debug|Any CPU.ActiveCfg = Debug|Any CPU
		{D8B2CF88-F7AC-41BC-8F9A-D42BB049077C}.Debug|Any CPU.Build.0 = Debug|Any CPU
		{D8B2CF88-F7AC-41BC-8F9A-D42BB049077C}.Release|Any CPU.ActiveCfg = Release|Any CPU
		{D8B2CF88-F7AC-41BC-8F9A-D42BB049077C}.Release|Any CPU.Build.0 = Release|Any CPU
	EndGlobalSection
	GlobalSection(SolutionProperties) = preSolution
		HideSolutionNode = FALSE
	EndGlobalSection
	GlobalSection(ExtensibilityGlobals) = postSolution
		SolutionGuid = {A5CF911D-AF6E-4D1F-8BA7-10B975772DA7}
	EndGlobalSection
EndGlobal
